
Microsoft Visual Studio Solution File, Format Version 12.00
# Visual Studio 15
VisualStudioVersion = 15.0.27130.2036
MinimumVisualStudioVersion = 10.0.40219.1
Project("{FAE04EC0-301F-11D3-BF4B-00C04F79EFBC}") = "KMN-Media", "KMN-Media\KMN-Media.csproj", "{84AAD0AD-C40D-4FCE-AD99-845B86FB47FD}"
EndProject
Project("{FAE04EC0-301F-11D3-BF4B-00C04F79EFBC}") = "KMNCustomControl", "KMNCustomControl\KMNCustomControl.csproj", "{7CAB3065-2543-44AC-A654-DF02731378E0}"
EndProject
Global
	GlobalSection(SolutionConfigurationPlatforms) = preSolution
		Debug|Any CPU = Debug|Any CPU
		Release|Any CPU = Release|Any CPU
	EndGlobalSection
	GlobalSection(ProjectConfigurationPlatforms) = postSolution
		{84AAD0AD-C40D-4FCE-AD99-845B86FB47FD}.Debug|Any CPU.ActiveCfg = Debug|Any CPU
		{84AAD0AD-C40D-4FCE-AD99-845B86FB47FD}.Debug|Any CPU.Build.0 = Debug|Any CPU
		{84AAD0AD-C40D-4FCE-AD99-845B86FB47FD}.Release|Any CPU.ActiveCfg = Release|Any CPU
		{84AAD0AD-C40D-4FCE-AD99-845B86FB47FD}.Release|Any CPU.Build.0 = Release|Any CPU
		{7CAB3065-2543-44AC-A654-DF02731378E0}.Debug|Any CPU.ActiveCfg = Debug|Any CPU
		{7CAB3065-2543-44AC-A654-DF02731378E0}.Debug|Any CPU.Build.0 = Debug|Any CPU
		{7CAB3065-2543-44AC-A654-DF02731378E0}.Release|Any CPU.ActiveCfg = Release|Any CPU
		{7CAB3065-2543-44AC-A654-DF02731378E0}.Release|Any CPU.Build.0 = Release|Any CPU
	EndGlobalSection
	GlobalSection(SolutionProperties) = preSolution
		HideSolutionNode = FALSE
	EndGlobalSection
	GlobalSection(ExtensibilityGlobals) = postSolution
		SolutionGuid = {9EBB05D3-0D76-4288-B1B0-BBA4EDA2A758}
	EndGlobalSection
EndGlobal
